
Microsoft Visual Studio Solution File, Format Version 12.00
# Visual Studio Version 17
VisualStudioVersion = 17.3.32929.385
MinimumVisualStudioVersion = 10.0.40219.1
Project("{FAE04EC0-301F-11D3-BF4B-00C04F79EFBC}") = "SocialNetwork", "SocialNetwork.csproj", "{A14E3660-AF00-429F-BA88-86840C1D76BA}"
EndProject
Global
	GlobalSection(SolutionConfigurationPlatforms) = preSolution
		Debug|Any CPU = Debug|Any CPU
		Release|Any CPU = Release|Any CPU
	EndGlobalSection
	GlobalSection(ProjectConfigurationPlatforms) = postSolution
		{A14E3660-AF00-429F-BA88-86840C1D76BA}.Debug|Any CPU.ActiveCfg = Debug|Any CPU
		{A14E3660-AF00-429F-BA88-86840C1D76BA}.Debug|Any CPU.Build.0 = Debug|Any CPU
		{A14E3660-AF00-429F-BA88-86840C1D76BA}.Release|Any CPU.ActiveCfg = Release|Any CPU
		{A14E3660-AF00-429F-BA88-86840C1D76BA}.Release|Any CPU.Build.0 = Release|Any CPU
	EndGlobalSection
	GlobalSection(SolutionProperties) = preSolution
		HideSolutionNode = FALSE
	EndGlobalSection
	GlobalSection(ExtensibilityGlobals) = postSolution
		SolutionGuid = {896EEB0A-B68F-4131-BC88-6879D03ED4D7}
	EndGlobalSection
EndGlobal
